{
  "name": "my-agent",
  "version": "1.0.0",
  "lockfileVersion": 3,
  "requires": true,
  "packages": {
    "": {
      "name": "my-agent",
      "version": "1.0.0",
      "license": "ISC",
      "dependencies": {
        "@openrouter/sdk": "^0.11.2",
        "eventemitter3": "^5.0.4",
        "zod": "^4.3.6"
      }
    },
    "node_modules/@openrouter/sdk": {
      "version": "0.11.2",
      "resolved": "https://registry.npmjs.org/@openrouter/sdk/-/sdk-0.11.2.tgz",
      "integrity": "sha512-uu8zu7vd4hA2l4vUD1UiZuefxqaH2/ixFcUG8GIO9+qcEJkWX4AYAil7SpGmZOTgy8STLFTEk4M4MmyUW0YMLg==",
      "hasInstallScript": true,
      "license": "Apache-2.0",
      "dependencies": {
        "zod": "^3.25.0 || ^4.0.0"
      }
    },
    "node_modules/eventemitter3": {
      "version": "5.0.4",
      "resolved": "https://registry.npmjs.org/eventemitter3/-/eventemitter3-5.0.4.tgz",
      "integrity": "sha512-mlsTRyGaPBjPedk6Bvw+aqbsXDtoAyAzm5MO7JgU+yVRyMQ5O8bD4Kcci7BS85f93veegeCPkL8R4GLClnjLFw==",
      "license": "MIT"
    },
    "node_modules/zod": {
      "version": "4.3.6",
      "resolved": "https://registry.npmjs.org/zod/-/zod-4.3.6.tgz",
      "integrity": "sha512-rftlrkhHZOcjDwkGlnUtZZkvaPHCsDATp4pGpuOOMDaTdDDXF91wuVDJoWoPsKX/3YPQ5fHuF3STjcYyKr+Qhg==",
      "license": "MIT",
      "funding": {
        "url": "https://github.com/sponsors/colinhacks"
      }
    }
  }
}
